// !$*UTF8*$!
{
	archiveVersion = 1;
	classes = {
	};
	objectVersion = 50;
	objects = {

/* Begin PBXBuildFile section */
		94D8E932259F28A4002F2613 /* FixerExchangeRateLoader.swift in Sources */ = {isa = PBXBuildFile; fileRef = 94D8E931259F28A4002F2613 /* FixerExchangeRateLoader.swift */; };
		94D8E949259F2D56002F2613 /* ExchangeRateAPITests.swift in Sources */ = {isa = PBXBuildFile; fileRef = 94D8E948259F2D56002F2613 /* ExchangeRateAPITests.swift */; };
		94D8E94B259F2D56002F2613 /* ExchangeRateAPI.framework in Frameworks */ = {isa = PBXBuildFile; fileRef = 94D8E923259F284D002F2613 /* ExchangeRateAPI.framework */; };
		94D8E95A259F2DAE002F2613 /* HTTPClientSpy.swift in Sources */ = {isa = PBXBuildFile; fileRef = 94D8E959259F2DAE002F2613 /* HTTPClientSpy.swift */; };
		94D8E95F259F2DFD002F2613 /* SharedTestHelpers.swift in Sources */ = {isa = PBXBuildFile; fileRef = 94D8E95E259F2DFD002F2613 /* SharedTestHelpers.swift */; };
		94D8E963259F2E14002F2613 /* XCTestCase+MemoryLeakTracking.swift in Sources */ = {isa = PBXBuildFile; fileRef = 94D8E962259F2E14002F2613 /* XCTestCase+MemoryLeakTracking.swift */; };
		94D8E96B25A05B06002F2613 /* RemoteExchangeRate.swift in Sources */ = {isa = PBXBuildFile; fileRef = 94D8E96A25A05B06002F2613 /* RemoteExchangeRate.swift */; };
		94D8E97125A05C34002F2613 /* RemoteExchangeRateMapper.swift in Sources */ = {isa = PBXBuildFile; fileRef = 94D8E97025A05C34002F2613 /* RemoteExchangeRateMapper.swift */; };
		94D8E97B25A088E0002F2613 /* ExchangeRateAPIEndToEndTests.swift in Sources */ = {isa = PBXBuildFile; fileRef = 94D8E97A25A088E0002F2613 /* ExchangeRateAPIEndToEndTests.swift */; };
		94D8E97D25A088E0002F2613 /* ExchangeRateAPI.framework in Frameworks */ = {isa = PBXBuildFile; fileRef = 94D8E923259F284D002F2613 /* ExchangeRateAPI.framework */; };
		94D8E98625A0898F002F2613 /* XCTestCase+MemoryLeakTracking.swift in Sources */ = {isa = PBXBuildFile; fileRef = 94D8E962259F2E14002F2613 /* XCTestCase+MemoryLeakTracking.swift */; };
		94D8EA2E25A0C7C7002F2613 /* Networking.framework in Frameworks */ = {isa = PBXBuildFile; fileRef = 94D8EA2D25A0C7C7002F2613 /* Networking.framework */; };
		94D8EA2F25A0C7C7002F2613 /* Networking.framework in Embed Frameworks */ = {isa = PBXBuildFile; fileRef = 94D8EA2D25A0C7C7002F2613 /* Networking.framework */; settings = {ATTRIBUTES = (CodeSignOnCopy, RemoveHeadersOnCopy, ); }; };
		94D8EA3425A0C7D3002F2613 /* ExchangeRateFeature.framework in Frameworks */ = {isa = PBXBuildFile; fileRef = 94D8EA3325A0C7D3002F2613 /* ExchangeRateFeature.framework */; };
		94D8EA3525A0C7D3002F2613 /* ExchangeRateFeature.framework in Embed Frameworks */ = {isa = PBXBuildFile; fileRef = 94D8EA3325A0C7D3002F2613 /* ExchangeRateFeature.framework */; settings = {ATTRIBUTES = (CodeSignOnCopy, RemoveHeadersOnCopy, ); }; };
/* End PBXBuildFile section */

/* Begin PBXContainerItemProxy section */
		94D8E94C259F2D56002F2613 /* PBXContainerItemProxy */ = {
			isa = PBXContainerItemProxy;
			containerPortal = 94D8E91A259F284D002F2613 /* Project object */;
			proxyType = 1;
			remoteGlobalIDString = 94D8E922259F284D002F2613;
			remoteInfo = ExchangeRateAPI;
		};
		94D8E97E25A088E0002F2613 /* PBXContainerItemProxy */ = {
			isa = PBXContainerItemProxy;
			containerPortal = 94D8E91A259F284D002F2613 /* Project object */;
			proxyType = 1;
			remoteGlobalIDString = 94D8E922259F284D002F2613;
			remoteInfo = ExchangeRateAPI;
		};
/* End PBXContainerItemProxy section */

/* Begin PBXCopyFilesBuildPhase section */
		94D8EA3025A0C7C7002F2613 /* Embed Frameworks */ = {
			isa = PBXCopyFilesBuildPhase;
			buildActionMask = 2147483647;
			dstPath = "";
			dstSubfolderSpec = 10;
			files = (
				94D8EA3525A0C7D3002F2613 /* ExchangeRateFeature.framework in Embed Frameworks */,
				94D8EA2F25A0C7C7002F2613 /* Networking.framework in Embed Frameworks */,
			);
			name = "Embed Frameworks";
			runOnlyForDeploymentPostprocessing = 0;
		};
/* End PBXCopyFilesBuildPhase section */

/* Begin PBXFileReference section */
		94D8E923259F284D002F2613 /* ExchangeRateAPI.framework */ = {isa = PBXFileReference; explicitFileType = wrapper.framework; includeInIndex = 0; path = ExchangeRateAPI.framework; sourceTree = BUILT_PRODUCTS_DIR; };
		94D8E927259F284D002F2613 /* Info.plist */ = {isa = PBXFileReference; lastKnownFileType = text.plist.xml; path = Info.plist; sourceTree = "<group>"; };
		94D8E931259F28A4002F2613 /* FixerExchangeRateLoader.swift */ = {isa = PBXFileReference; lastKnownFileType = sourcecode.swift; path = FixerExchangeRateLoader.swift; sourceTree = "<group>"; };
		94D8E946259F2D56002F2613 /* ExchangeRateAPITests.xctest */ = {isa = PBXFileReference; explicitFileType = wrapper.cfbundle; includeInIndex = 0; path = ExchangeRateAPITests.xctest; sourceTree = BUILT_PRODUCTS_DIR; };
		94D8E948259F2D56002F2613 /* ExchangeRateAPITests.swift */ = {isa = PBXFileReference; lastKnownFileType = sourcecode.swift; path = ExchangeRateAPITests.swift; sourceTree = "<group>"; };
		94D8E94A259F2D56002F2613 /* Info.plist */ = {isa = PBXFileReference; lastKnownFileType = text.plist.xml; path = Info.plist; sourceTree = "<group>"; };
		94D8E959259F2DAE002F2613 /* HTTPClientSpy.swift */ = {isa = PBXFileReference; lastKnownFileType = sourcecode.swift; path = HTTPClientSpy.swift; sourceTree = "<group>"; };
		94D8E95E259F2DFD002F2613 /* SharedTestHelpers.swift */ = {isa = PBXFileReference; lastKnownFileType = sourcecode.swift; path = SharedTestHelpers.swift; sourceTree = "<group>"; };
		94D8E962259F2E14002F2613 /* XCTestCase+MemoryLeakTracking.swift */ = {isa = PBXFileReference; lastKnownFileType = sourcecode.swift; path = "XCTestCase+MemoryLeakTracking.swift"; sourceTree = "<group>"; };
		94D8E96A25A05B06002F2613 /* RemoteExchangeRate.swift */ = {isa = PBXFileReference; lastKnownFileType = sourcecode.swift; path = RemoteExchangeRate.swift; sourceTree = "<group>"; };
		94D8E97025A05C34002F2613 /* RemoteExchangeRateMapper.swift */ = {isa = PBXFileReference; lastKnownFileType = sourcecode.swift; path = RemoteExchangeRateMapper.swift; sourceTree = "<group>"; };
		94D8E97825A088E0002F2613 /* ExchangeRateAPIEndToEndTests.xctest */ = {isa = PBXFileReference; explicitFileType = wrapper.cfbundle; includeInIndex = 0; path = ExchangeRateAPIEndToEndTests.xctest; sourceTree = BUILT_PRODUCTS_DIR; };
		94D8E97A25A088E0002F2613 /* ExchangeRateAPIEndToEndTests.swift */ = {isa = PBXFileReference; lastKnownFileType = sourcecode.swift; path = ExchangeRateAPIEndToEndTests.swift; sourceTree = "<group>"; };
		94D8E97C25A088E0002F2613 /* Info.plist */ = {isa = PBXFileReference; lastKnownFileType = text.plist.xml; path = Info.plist; sourceTree = "<group>"; };
		94D8EA2D25A0C7C7002F2613 /* Networking.framework */ = {isa = PBXFileReference; explicitFileType = wrapper.framework; path = Networking.framework; sourceTree = BUILT_PRODUCTS_DIR; };
		94D8EA3325A0C7D3002F2613 /* ExchangeRateFeature.framework */ = {isa = PBXFileReference; explicitFileType = wrapper.framework; path = ExchangeRateFeature.framework; sourceTree = BUILT_PRODUCTS_DIR; };
/* End PBXFileReference section */

/* Begin PBXFrameworksBuildPhase section */
		94D8E920259F284D002F2613 /* Frameworks */ = {
			isa = PBXFrameworksBuildPhase;
			buildActionMask = 2147483647;
			files = (
				94D8EA3425A0C7D3002F2613 /* ExchangeRateFeature.framework in Frameworks */,
				94D8EA2E25A0C7C7002F2613 /* Networking.framework in Frameworks */,
			);
			runOnlyForDeploymentPostprocessing = 0;
		};
		94D8E943259F2D56002F2613 /* Frameworks */ = {
			isa = PBXFrameworksBuildPhase;
			buildActionMask = 2147483647;
			files = (
				94D8E94B259F2D56002F2613 /* ExchangeRateAPI.framework in Frameworks */,
			);
			runOnlyForDeploymentPostprocessing = 0;
		};
		94D8E97525A088E0002F2613 /* Frameworks */ = {
			isa = PBXFrameworksBuildPhase;
			buildActionMask = 2147483647;
			files = (
				94D8E97D25A088E0002F2613 /* ExchangeRateAPI.framework in Frameworks */,
			);
			runOnlyForDeploymentPostprocessing = 0;
		};
/* End PBXFrameworksBuildPhase section */

/* Begin PBXGroup section */
		94D8E919259F284D002F2613 = {
			isa = PBXGroup;
			children = (
				94D8E925259F284D002F2613 /* ExchangeRateAPI */,
				94D8E947259F2D56002F2613 /* ExchangeRateAPITests */,
				94D8E97925A088E0002F2613 /* ExchangeRateAPIEndToEndTests */,
				94D8E924259F284D002F2613 /* Products */,
				94D8EA2C25A0C7C7002F2613 /* Frameworks */,
			);
			sourceTree = "<group>";
		};
		94D8E924259F284D002F2613 /* Products */ = {
			isa = PBXGroup;
			children = (
				94D8E923259F284D002F2613 /* ExchangeRateAPI.framework */,
				94D8E946259F2D56002F2613 /* ExchangeRateAPITests.xctest */,
				94D8E97825A088E0002F2613 /* ExchangeRateAPIEndToEndTests.xctest */,
			);
			name = Products;
			sourceTree = "<group>";
		};
		94D8E925259F284D002F2613 /* ExchangeRateAPI */ = {
			isa = PBXGroup;
			children = (
				94D8E927259F284D002F2613 /* Info.plist */,
				94D8E931259F28A4002F2613 /* FixerExchangeRateLoader.swift */,
				94D8E96A25A05B06002F2613 /* RemoteExchangeRate.swift */,
				94D8E97025A05C34002F2613 /* RemoteExchangeRateMapper.swift */,
			);
			path = ExchangeRateAPI;
			sourceTree = "<group>";
		};
		94D8E947259F2D56002F2613 /* ExchangeRateAPITests */ = {
			isa = PBXGroup;
			children = (
				94D8E95D259F2DF0002F2613 /* Helpers */,
				94D8E948259F2D56002F2613 /* ExchangeRateAPITests.swift */,
				94D8E959259F2DAE002F2613 /* HTTPClientSpy.swift */,
				94D8E94A259F2D56002F2613 /* Info.plist */,
			);
			path = ExchangeRateAPITests;
			sourceTree = "<group>";
		};
		94D8E95D259F2DF0002F2613 /* Helpers */ = {
			isa = PBXGroup;
			children = (
				94D8E95E259F2DFD002F2613 /* SharedTestHelpers.swift */,
				94D8E962259F2E14002F2613 /* XCTestCase+MemoryLeakTracking.swift */,
			);
			path = Helpers;
			sourceTree = "<group>";
		};
		94D8E97925A088E0002F2613 /* ExchangeRateAPIEndToEndTests */ = {
			isa = PBXGroup;
			children = (
				94D8E97A25A088E0002F2613 /* ExchangeRateAPIEndToEndTests.swift */,
				94D8E97C25A088E0002F2613 /* Info.plist */,
			);
			path = ExchangeRateAPIEndToEndTests;
			sourceTree = "<group>";
		};
		94D8EA2C25A0C7C7002F2613 /* Frameworks */ = {
			isa = PBXGroup;
			children = (
				94D8EA3325A0C7D3002F2613 /* ExchangeRateFeature.framework */,
				94D8EA2D25A0C7C7002F2613 /* Networking.framework */,
			);
			name = Frameworks;
			sourceTree = "<group>";
		};
/* End PBXGroup section */

/* Begin PBXHeadersBuildPhase section */
		94D8E91E259F284D002F2613 /* Headers */ = {
			isa = PBXHeadersBuildPhase;
			buildActionMask = 2147483647;
			files = (
			);
			runOnlyForDeploymentPostprocessing = 0;
		};
/* End PBXHeadersBuildPhase section */

/* Begin PBXNativeTarget section */
		94D8E922259F284D002F2613 /* ExchangeRateAPI */ = {
			isa = PBXNativeTarget;
			buildConfigurationList = 94D8E92B259F284D002F2613 /* Build configuration list for PBXNativeTarget "ExchangeRateAPI" */;
			buildPhases = (
				94D8E91E259F284D002F2613 /* Headers */,
				94D8E91F259F284D002F2613 /* Sources */,
				94D8E920259F284D002F2613 /* Frameworks */,
				94D8E921259F284D002F2613 /* Resources */,
				94D8EA3025A0C7C7002F2613 /* Embed Frameworks */,
			);
			buildRules = (
			);
			dependencies = (
			);
			name = ExchangeRateAPI;
			productName = ExchangeRateAPI;
			productReference = 94D8E923259F284D002F2613 /* ExchangeRateAPI.framework */;
			productType = "com.apple.product-type.framework";
		};
		94D8E945259F2D56002F2613 /* ExchangeRateAPITests */ = {
			isa = PBXNativeTarget;
			buildConfigurationList = 94D8E94E259F2D56002F2613 /* Build configuration list for PBXNativeTarget "ExchangeRateAPITests" */;
			buildPhases = (
				94D8E942259F2D56002F2613 /* Sources */,
				94D8E943259F2D56002F2613 /* Frameworks */,
				94D8E944259F2D56002F2613 /* Resources */,
			);
			buildRules = (
			);
			dependencies = (
				94D8E94D259F2D56002F2613 /* PBXTargetDependency */,
			);
			name = ExchangeRateAPITests;
			productName = ExchangeRateAPITests;
			productReference = 94D8E946259F2D56002F2613 /* ExchangeRateAPITests.xctest */;
			productType = "com.apple.product-type.bundle.unit-test";
		};
		94D8E97725A088E0002F2613 /* ExchangeRateAPIEndToEndTests */ = {
			isa = PBXNativeTarget;
			buildConfigurationList = 94D8E98025A088E0002F2613 /* Build configuration list for PBXNativeTarget "ExchangeRateAPIEndToEndTests" */;
			buildPhases = (
				94D8E97425A088E0002F2613 /* Sources */,
				94D8E97525A088E0002F2613 /* Frameworks */,
				94D8E97625A088E0002F2613 /* Resources */,
			);
			buildRules = (
			);
			dependencies = (
				94D8E97F25A088E0002F2613 /* PBXTargetDependency */,
			);
			name = ExchangeRateAPIEndToEndTests;
			productName = ExchangeRateAPIEndToEndTests;
			productReference = 94D8E97825A088E0002F2613 /* ExchangeRateAPIEndToEndTests.xctest */;
			productType = "com.apple.product-type.bundle.unit-test";
		};
/* End PBXNativeTarget section */

/* Begin PBXProject section */
		94D8E91A259F284D002F2613 /* Project object */ = {
			isa = PBXProject;
			attributes = {
				LastSwiftUpdateCheck = 1230;
				LastUpgradeCheck = 1230;
				TargetAttributes = {
					94D8E922259F284D002F2613 = {
						CreatedOnToolsVersion = 12.3;
						LastSwiftMigration = 1230;
					};
					94D8E945259F2D56002F2613 = {
						CreatedOnToolsVersion = 12.3;
					};
					94D8E97725A088E0002F2613 = {
						CreatedOnToolsVersion = 12.3;
					};
				};
			};
			buildConfigurationList = 94D8E91D259F284D002F2613 /* Build configuration list for PBXProject "ExchangeRateAPI" */;
			compatibilityVersion = "Xcode 9.3";
			developmentRegion = en;
			hasScannedForEncodings = 0;
			knownRegions = (
				en,
				Base,
			);
			mainGroup = 94D8E919259F284D002F2613;
			productRefGroup = 94D8E924259F284D002F2613 /* Products */;
			projectDirPath = "";
			projectRoot = "";
			targets = (
				94D8E922259F284D002F2613 /* ExchangeRateAPI */,
				94D8E945259F2D56002F2613 /* ExchangeRateAPITests */,
				94D8E97725A088E0002F2613 /* ExchangeRateAPIEndToEndTests */,
			);
		};
/* End PBXProject section */

/* Begin PBXResourcesBuildPhase section */
		94D8E921259F284D002F2613 /* Resources */ = {
			isa = PBXResourcesBuildPhase;
			buildActionMask = 2147483647;
			files = (
			);
			runOnlyForDeploymentPostprocessing = 0;
		};
		94D8E944259F2D56002F2613 /* Resources */ = {
			isa = PBXResourcesBuildPhase;
			buildActionMask = 2147483647;
			files = (
			);
			runOnlyForDeploymentPostprocessing = 0;
		};
		94D8E97625A088E0002F2613 /* Resources */ = {
			isa = PBXResourcesBuildPhase;
			buildActionMask = 2147483647;
			files = (
			);
			runOnlyForDeploymentPostprocessing = 0;
		};
/* End PBXResourcesBuildPhase section */

/* Begin PBXSourcesBuildPhase section */
		94D8E91F259F284D002F2613 /* Sources */ = {
			isa = PBXSourcesBuildPhase;
			buildActionMask = 2147483647;
			files = (
				94D8E97125A05C34002F2613 /* RemoteExchangeRateMapper.swift in Sources */,
				94D8E96B25A05B06002F2613 /* RemoteExchangeRate.swift in Sources */,
				94D8E932259F28A4002F2613 /* FixerExchangeRateLoader.swift in Sources */,
			);
			runOnlyForDeploymentPostprocessing = 0;
		};
		94D8E942259F2D56002F2613 /* Sources */ = {
			isa = PBXSourcesBuildPhase;
			buildActionMask = 2147483647;
			files = (
				94D8E949259F2D56002F2613 /* ExchangeRateAPITests.swift in Sources */,
				94D8E963259F2E14002F2613 /* XCTestCase+MemoryLeakTracking.swift in Sources */,
				94D8E95A259F2DAE002F2613 /* HTTPClientSpy.swift in Sources */,
				94D8E95F259F2DFD002F2613 /* SharedTestHelpers.swift in Sources */,
			);
			runOnlyForDeploymentPostprocessing = 0;
		};
		94D8E97425A088E0002F2613 /* Sources */ = {
			isa = PBXSourcesBuildPhase;
			buildActionMask = 2147483647;
			files = (
				94D8E97B25A088E0002F2613 /* ExchangeRateAPIEndToEndTests.swift in Sources */,
				94D8E98625A0898F002F2613 /* XCTestCase+MemoryLeakTracking.swift in Sources */,
			);
			runOnlyForDeploymentPostprocessing = 0;
		};
/* End PBXSourcesBuildPhase section */

/* Begin PBXTargetDependency section */
		94D8E94D259F2D56002F2613 /* PBXTargetDependency */ = {
			isa = PBXTargetDependency;
			target = 94D8E922259F284D002F2613 /* ExchangeRateAPI */;
			targetProxy = 94D8E94C259F2D56002F2613 /* PBXContainerItemProxy */;
		};
		94D8E97F25A088E0002F2613 /* PBXTargetDependency */ = {
			isa = PBXTargetDependency;
			target = 94D8E922259F284D002F2613 /* ExchangeRateAPI */;
			targetProxy = 94D8E97E25A088E0002F2613 /* PBXContainerItemProxy */;
		};
/* End PBXTargetDependency section */

/* Begin XCBuildConfiguration section */
		94D8E929259F284D002F2613 /* Debug */ = {
			isa = XCBuildConfiguration;
			buildSettings = {
				ALWAYS_SEARCH_USER_PATHS = NO;
				CLANG_ANALYZER_NONNULL = YES;
				CLANG_ANALYZER_NUMBER_OBJECT_CONVERSION = YES_AGGRESSIVE;
				CLANG_CXX_LANGUAGE_STANDARD = "gnu++14";
				CLANG_CXX_LIBRARY = "libc++";
				CLANG_ENABLE_MODULES = YES;
				CLANG_ENABLE_OBJC_ARC = YES;
				CLANG_ENABLE_OBJC_WEAK = YES;
				CLANG_WARN_BLOCK_CAPTURE_AUTORELEASING = YES;
				CLANG_WARN_BOOL_CONVERSION = YES;
				CLANG_WARN_COMMA = YES;
				CLANG_WARN_CONSTANT_CONVERSION = YES;
				CLANG_WARN_DEPRECATED_OBJC_IMPLEMENTATIONS = YES;
				CLANG_WARN_DIRECT_OBJC_ISA_USAGE = YES_ERROR;
				CLANG_WARN_DOCUMENTATION_COMMENTS = YES;
				CLANG_WARN_EMPTY_BODY = YES;
				CLANG_WARN_ENUM_CONVERSION = YES;
				CLANG_WARN_INFINITE_RECURSION = YES;
				CLANG_WARN_INT_CONVERSION = YES;
				CLANG_WARN_NON_LITERAL_NULL_CONVERSION = YES;
				CLANG_WARN_OBJC_IMPLICIT_RETAIN_SELF = YES;
				CLANG_WARN_OBJC_LITERAL_CONVERSION = YES;
				CLANG_WARN_OBJC_ROOT_CLASS = YES_ERROR;
				CLANG_WARN_QUOTED_INCLUDE_IN_FRAMEWORK_HEADER = YES;
				CLANG_WARN_RANGE_LOOP_ANALYSIS = YES;
				CLANG_WARN_STRICT_PROTOTYPES = YES;
				CLANG_WARN_SUSPICIOUS_MOVE = YES;
				CLANG_WARN_UNGUARDED_AVAILABILITY = YES_AGGRESSIVE;
				CLANG_WARN_UNREACHABLE_CODE = YES;
				CLANG_WARN__DUPLICATE_METHOD_MATCH = YES;
				COPY_PHASE_STRIP = NO;
				CURRENT_PROJECT_VERSION = 1;
				DEBUG_INFORMATION_FORMAT = dwarf;
				ENABLE_STRICT_OBJC_MSGSEND = YES;
				ENABLE_TESTABILITY = YES;
				GCC_C_LANGUAGE_STANDARD = gnu11;
				GCC_DYNAMIC_NO_PIC = NO;
				GCC_NO_COMMON_BLOCKS = YES;
				GCC_OPTIMIZATION_LEVEL = 0;
				GCC_PREPROCESSOR_DEFINITIONS = (
					"DEBUG=1",
					"$(inherited)",
				);
				GCC_WARN_64_TO_32_BIT_CONVERSION = YES;
				GCC_WARN_ABOUT_RETURN_TYPE = YES_ERROR;
				GCC_WARN_UNDECLARED_SELECTOR = YES;
				GCC_WARN_UNINITIALIZED_AUTOS = YES_AGGRESSIVE;
				GCC_WARN_UNUSED_FUNCTION = YES;
				GCC_WARN_UNUSED_VARIABLE = YES;
				MACOSX_DEPLOYMENT_TARGET = 11.0;
				MTL_ENABLE_DEBUG_INFO = INCLUDE_SOURCE;
				MTL_FAST_MATH = YES;
				ONLY_ACTIVE_ARCH = YES;
				SDKROOT = macosx;
				SWIFT_ACTIVE_COMPILATION_CONDITIONS = DEBUG;
				SWIFT_OPTIMIZATION_LEVEL = "-Onone";
				VERSIONING_SYSTEM = "apple-generic";
				VERSION_INFO_PREFIX = "";
			};
			name = Debug;
		};
		94D8E92A259F284D002F2613 /* Release */ = {
			isa = XCBuildConfiguration;
			buildSettings = {
				ALWAYS_SEARCH_USER_PATHS = NO;
				CLANG_ANALYZER_NONNULL = YES;
				CLANG_ANALYZER_NUMBER_OBJECT_CONVERSION = YES_AGGRESSIVE;
				CLANG_CXX_LANGUAGE_STANDARD = "gnu++14";
				CLANG_CXX_LIBRARY = "libc++";
				CLANG_ENABLE_MODULES = YES;
				CLANG_ENABLE_OBJC_ARC = YES;
				CLANG_ENABLE_OBJC_WEAK = YES;
				CLANG_WARN_BLOCK_CAPTURE_AUTORELEASING = YES;
				CLANG_WARN_BOOL_CONVERSION = YES;
				CLANG_WARN_COMMA = YES;
				CLANG_WARN_CONSTANT_CONVERSION = YES;
				CLANG_WARN_DEPRECATED_OBJC_IMPLEMENTATIONS = YES;
				CLANG_WARN_DIRECT_OBJC_ISA_USAGE = YES_ERROR;
				CLANG_WARN_DOCUMENTATION_COMMENTS = YES;
				CLANG_WARN_EMPTY_BODY = YES;
				CLANG_WARN_ENUM_CONVERSION = YES;
				CLANG_WARN_INFINITE_RECURSION = YES;
				CLANG_WARN_INT_CONVERSION = YES;
				CLANG_WARN_NON_LITERAL_NULL_CONVERSION = YES;
				CLANG_WARN_OBJC_IMPLICIT_RETAIN_SELF = YES;
				CLANG_WARN_OBJC_LITERAL_CONVERSION = YES;
				CLANG_WARN_OBJC_ROOT_CLASS = YES_ERROR;
				CLANG_WARN_QUOTED_INCLUDE_IN_FRAMEWORK_HEADER = YES;
				CLANG_WARN_RANGE_LOOP_ANALYSIS = YES;
				CLANG_WARN_STRICT_PROTOTYPES = YES;
				CLANG_WARN_SUSPICIOUS_MOVE = YES;
				CLANG_WARN_UNGUARDED_AVAILABILITY = YES_AGGRESSIVE;
				CLANG_WARN_UNREACHABLE_CODE = YES;
				CLANG_WARN__DUPLICATE_METHOD_MATCH = YES;
				COPY_PHASE_STRIP = NO;
				CURRENT_PROJECT_VERSION = 1;
				DEBUG_INFORMATION_FORMAT = "dwarf-with-dsym";
				ENABLE_NS_ASSERTIONS = NO;
				ENABLE_STRICT_OBJC_MSGSEND = YES;
				GCC_C_LANGUAGE_STANDARD = gnu11;
				GCC_NO_COMMON_BLOCKS = YES;
				GCC_WARN_64_TO_32_BIT_CONVERSION = YES;
				GCC_WARN_ABOUT_RETURN_TYPE = YES_ERROR;
				GCC_WARN_UNDECLARED_SELECTOR = YES;
				GCC_WARN_UNINITIALIZED_AUTOS = YES_AGGRESSIVE;
				GCC_WARN_UNUSED_FUNCTION = YES;
				GCC_WARN_UNUSED_VARIABLE = YES;
				MACOSX_DEPLOYMENT_TARGET = 11.0;
				MTL_ENABLE_DEBUG_INFO = NO;
				MTL_FAST_MATH = YES;
				SDKROOT = macosx;
				SWIFT_COMPILATION_MODE = wholemodule;
				SWIFT_OPTIMIZATION_LEVEL = "-O";
				VERSIONING_SYSTEM = "apple-generic";
				VERSION_INFO_PREFIX = "";
			};
			name = Release;
		};
		94D8E92C259F284D002F2613 /* Debug */ = {
			isa = XCBuildConfiguration;
			buildSettings = {
				CLANG_ENABLE_MODULES = YES;
				CODE_SIGN_STYLE = Automatic;
				COMBINE_HIDPI_IMAGES = YES;
				DEFINES_MODULE = YES;
				DEVELOPMENT_TEAM = 7M46G3S539;
				DYLIB_COMPATIBILITY_VERSION = 1;
				DYLIB_CURRENT_VERSION = 1;
				DYLIB_INSTALL_NAME_BASE = "@rpath";
				INFOPLIST_FILE = ExchangeRateAPI/Info.plist;
				INSTALL_PATH = "$(LOCAL_LIBRARY_DIR)/Frameworks";
				LD_RUNPATH_SEARCH_PATHS = (
					"$(inherited)",
					"@executable_path/../Frameworks",
					"@loader_path/Frameworks",
				);
				PRODUCT_BUNDLE_IDENTIFIER = com.hashem.ExchangeRateAPI;
				PRODUCT_NAME = "$(TARGET_NAME:c99extidentifier)";
				SKIP_INSTALL = YES;
				SUPPORTED_PLATFORMS = "macosx iphonesimulator iphoneos";
				SWIFT_OPTIMIZATION_LEVEL = "-Onone";
				SWIFT_VERSION = 5.0;
			};
			name = Debug;
		};
		94D8E92D259F284D002F2613 /* Release */ = {
			isa = XCBuildConfiguration;
			buildSettings = {
				CLANG_ENABLE_MODULES = YES;
				CODE_SIGN_STYLE = Automatic;
				COMBINE_HIDPI_IMAGES = YES;
				DEFINES_MODULE = YES;
				DEVELOPMENT_TEAM = 7M46G3S539;
				DYLIB_COMPATIBILITY_VERSION = 1;
				DYLIB_CURRENT_VERSION = 1;
				DYLIB_INSTALL_NAME_BASE = "@rpath";
				INFOPLIST_FILE = ExchangeRateAPI/Info.plist;
				INSTALL_PATH = "$(LOCAL_LIBRARY_DIR)/Frameworks";
				LD_RUNPATH_SEARCH_PATHS = (
					"$(inherited)",
					"@executable_path/../Frameworks",
					"@loader_path/Frameworks",
				);
				PRODUCT_BUNDLE_IDENTIFIER = com.hashem.ExchangeRateAPI;
				PRODUCT_NAME = "$(TARGET_NAME:c99extidentifier)";
				SKIP_INSTALL = YES;
				SUPPORTED_PLATFORMS = "macosx iphonesimulator iphoneos";
				SWIFT_VERSION = 5.0;
			};
			name = Release;
		};
		94D8E94F259F2D56002F2613 /* Debug */ = {
			isa = XCBuildConfiguration;
			buildSettings = {
				CODE_SIGN_STYLE = Automatic;
				COMBINE_HIDPI_IMAGES = YES;
				DEVELOPMENT_TEAM = 7M46G3S539;
				INFOPLIST_FILE = ExchangeRateAPITests/Info.plist;
				LD_RUNPATH_SEARCH_PATHS = (
					"$(inherited)",
					"@executable_path/../Frameworks",
					"@loader_path/../Frameworks",
				);
				PRODUCT_BUNDLE_IDENTIFIER = com.hashem.ExchangeRateAPITests;
				PRODUCT_NAME = "$(TARGET_NAME)";
				SUPPORTED_PLATFORMS = "macosx iphonesimulator iphoneos";
				SWIFT_VERSION = 5.0;
			};
			name = Debug;
		};
		94D8E950259F2D56002F2613 /* Release */ = {
			isa = XCBuildConfiguration;
			buildSettings = {
				CODE_SIGN_STYLE = Automatic;
				COMBINE_HIDPI_IMAGES = YES;
				DEVELOPMENT_TEAM = 7M46G3S539;
				INFOPLIST_FILE = ExchangeRateAPITests/Info.plist;
				LD_RUNPATH_SEARCH_PATHS = (
					"$(inherited)",
					"@executable_path/../Frameworks",
					"@loader_path/../Frameworks",
				);
				PRODUCT_BUNDLE_IDENTIFIER = com.hashem.ExchangeRateAPITests;
				PRODUCT_NAME = "$(TARGET_NAME)";
				SUPPORTED_PLATFORMS = "macosx iphonesimulator iphoneos";
				SWIFT_VERSION = 5.0;
			};
			name = Release;
		};
		94D8E98125A088E0002F2613 /* Debug */ = {
			isa = XCBuildConfiguration;
			buildSettings = {
				CODE_SIGN_STYLE = Automatic;
				COMBINE_HIDPI_IMAGES = YES;
				DEVELOPMENT_TEAM = 7M46G3S539;
				INFOPLIST_FILE = ExchangeRateAPIEndToEndTests/Info.plist;
				LD_RUNPATH_SEARCH_PATHS = (
					"$(inherited)",
					"@executable_path/../Frameworks",
					"@loader_path/../Frameworks",
				);
				PRODUCT_BUNDLE_IDENTIFIER = com.hashem.ExchangeRateAPIEndToEndTests;
				PRODUCT_NAME = "$(TARGET_NAME)";
				SUPPORTED_PLATFORMS = "macosx iphoneos iphonesimulator";
				SWIFT_VERSION = 5.0;
			};
			name = Debug;
		};
		94D8E98225A088E0002F2613 /* Release */ = {
			isa = XCBuildConfiguration;
			buildSettings = {
				CODE_SIGN_STYLE = Automatic;
				COMBINE_HIDPI_IMAGES = YES;
				DEVELOPMENT_TEAM = 7M46G3S539;
				INFOPLIST_FILE = ExchangeRateAPIEndToEndTests/Info.plist;
				LD_RUNPATH_SEARCH_PATHS = (
					"$(inherited)",
					"@executable_path/../Frameworks",
					"@loader_path/../Frameworks",
				);
				PRODUCT_BUNDLE_IDENTIFIER = com.hashem.ExchangeRateAPIEndToEndTests;
				PRODUCT_NAME = "$(TARGET_NAME)";
				SUPPORTED_PLATFORMS = "macosx iphoneos iphonesimulator";
				SWIFT_VERSION = 5.0;
			};
			name = Release;
		};
/* End XCBuildConfiguration section */

/* Begin XCConfigurationList section */
		94D8E91D259F284D002F2613 /* Build configuration list for PBXProject "ExchangeRateAPI" */ = {
			isa = XCConfigurationList;
			buildConfigurations = (
				94D8E929259F284D002F2613 /* Debug */,
				94D8E92A259F284D002F2613 /* Release */,
			);
			defaultConfigurationIsVisible = 0;
			defaultConfigurationName = Release;
		};
		94D8E92B259F284D002F2613 /* Build configuration list for PBXNativeTarget "ExchangeRateAPI" */ = {
			isa = XCConfigurationList;
			buildConfigurations = (
				94D8E92C259F284D002F2613 /* Debug */,
				94D8E92D259F284D002F2613 /* Release */,
			);
			defaultConfigurationIsVisible = 0;
			defaultConfigurationName = Release;
		};
		94D8E94E259F2D56002F2613 /* Build configuration list for PBXNativeTarget "ExchangeRateAPITests" */ = {
			isa = XCConfigurationList;
			buildConfigurations = (
				94D8E94F259F2D56002F2613 /* Debug */,
				94D8E950259F2D56002F2613 /* Release */,
			);
			defaultConfigurationIsVisible = 0;
			defaultConfigurationName = Release;
		};
		94D8E98025A088E0002F2613 /* Build configuration list for PBXNativeTarget "ExchangeRateAPIEndToEndTests" */ = {
			isa = XCConfigurationList;
			buildConfigurations = (
				94D8E98125A088E0002F2613 /* Debug */,
				94D8E98225A088E0002F2613 /* Release */,
			);
			defaultConfigurationIsVisible = 0;
			defaultConfigurationName = Release;
		};
/* End XCConfigurationList section */
	};
	rootObject = 94D8E91A259F284D002F2613 /* Project object */;
}
